// !$*UTF8*$!
{
	archiveVersion = 1;
	classes = {
	};
	objectVersion = 46;
	objects = {

/* Begin PBXBuildFile section */
		3D33D9631A2B665A001617B2 /* AppDelegate.swift in Sources */ = {isa = PBXBuildFile; fileRef = 3D33D9621A2B665A001617B2 /* AppDelegate.swift */; };
		3D33D9661A2B665A001617B2 /* HybridApp.xcdatamodeld in Sources */ = {isa = PBXBuildFile; fileRef = 3D33D9641A2B665A001617B2 /* HybridApp.xcdatamodeld */; };
		3D33D9681A2B665A001617B2 /* ViewController.swift in Sources */ = {isa = PBXBuildFile; fileRef = 3D33D9671A2B665A001617B2 /* ViewController.swift */; };
		3D33D96B1A2B665A001617B2 /* Main.storyboard in Resources */ = {isa = PBXBuildFile; fileRef = 3D33D9691A2B665A001617B2 /* Main.storyboard */; };
		3D33D96D1A2B665A001617B2 /* Images.xcassets in Resources */ = {isa = PBXBuildFile; fileRef = 3D33D96C1A2B665A001617B2 /* Images.xcassets */; };
		3D33D9701A2B665B001617B2 /* LaunchScreen.xib in Resources */ = {isa = PBXBuildFile; fileRef = 3D33D96E1A2B665A001617B2 /* LaunchScreen.xib */; };
		3D33D97C1A2B665B001617B2 /* HybridAppTests.swift in Sources */ = {isa = PBXBuildFile; fileRef = 3D33D97B1A2B665B001617B2 /* HybridAppTests.swift */; };
		3D33D98B1A2B66EF001617B2 /* NativeBridge.js in Resources */ = {isa = PBXBuildFile; fileRef = 3D33D9891A2B66EF001617B2 /* NativeBridge.js */; };
		3D33D98C1A2B66EF001617B2 /* NativeCall.swift in Sources */ = {isa = PBXBuildFile; fileRef = 3D33D98A1A2B66EF001617B2 /* NativeCall.swift */; };
		3D33D9901A2B6927001617B2 /* html in Resources */ = {isa = PBXBuildFile; fileRef = 3D33D98F1A2B6927001617B2 /* html */; };
/* End PBXBuildFile section */

/* Begin PBXContainerItemProxy section */
		3D33D9761A2B665B001617B2 /* PBXContainerItemProxy */ = {
			isa = PBXContainerItemProxy;
			containerPortal = 3D33D9551A2B665A001617B2 /* Project object */;
			proxyType = 1;
			remoteGlobalIDString = 3D33D95C1A2B665A001617B2;
			remoteInfo = HybridApp;
		};
/* End PBXContainerItemProxy section */

/* Begin PBXFileReference section */
		3D33D95D1A2B665A001617B2 /* HybridApp.app */ = {isa = PBXFileReference; explicitFileType = wrapper.application; includeInIndex = 0; path = HybridApp.app; sourceTree = BUILT_PRODUCTS_DIR; };
		3D33D9611A2B665A001617B2 /* Info.plist */ = {isa = PBXFileReference; lastKnownFileType = text.plist.xml; path = Info.plist; sourceTree = "<group>"; };
		3D33D9621A2B665A001617B2 /* AppDelegate.swift */ = {isa = PBXFileReference; lastKnownFileType = sourcecode.swift; path = AppDelegate.swift; sourceTree = "<group>"; };
		3D33D9651A2B665A001617B2 /* HybridApp.xcdatamodel */ = {isa = PBXFileReference; lastKnownFileType = wrapper.xcdatamodel; path = HybridApp.xcdatamodel; sourceTree = "<group>"; };
		3D33D9671A2B665A001617B2 /* ViewController.swift */ = {isa = PBXFileReference; lastKnownFileType = sourcecode.swift; path = ViewController.swift; sourceTree = "<group>"; };
		3D33D96A1A2B665A001617B2 /* Base */ = {isa = PBXFileReference; lastKnownFileType = file.storyboard; name = Base; path = Base.lproj/Main.storyboard; sourceTree = "<group>"; };
		3D33D96C1A2B665A001617B2 /* Images.xcassets */ = {isa = PBXFileReference; lastKnownFileType = folder.assetcatalog; path = Images.xcassets; sourceTree = "<group>"; };
		3D33D96F1A2B665A001617B2 /* Base */ = {isa = PBXFileReference; lastKnownFileType = file.xib; name = Base; path = Base.lproj/LaunchScreen.xib; sourceTree = "<group>"; };
		3D33D9751A2B665B001617B2 /* HybridAppTests.xctest */ = {isa = PBXFileReference; explicitFileType = wrapper.cfbundle; includeInIndex = 0; path = HybridAppTests.xctest; sourceTree = BUILT_PRODUCTS_DIR; };
		3D33D97A1A2B665B001617B2 /* Info.plist */ = {isa = PBXFileReference; lastKnownFileType = text.plist.xml; path = Info.plist; sourceTree = "<group>"; };
		3D33D97B1A2B665B001617B2 /* HybridAppTests.swift */ = {isa = PBXFileReference; lastKnownFileType = sourcecode.swift; path = HybridAppTests.swift; sourceTree = "<group>"; };
		3D33D9891A2B66EF001617B2 /* NativeBridge.js */ = {isa = PBXFileReference; fileEncoding = 4; lastKnownFileType = sourcecode.javascript; path = NativeBridge.js; sourceTree = "<group>"; };
		3D33D98A1A2B66EF001617B2 /* NativeCall.swift */ = {isa = PBXFileReference; fileEncoding = 4; lastKnownFileType = sourcecode.swift; path = NativeCall.swift; sourceTree = "<group>"; };
		3D33D98F1A2B6927001617B2 /* html */ = {isa = PBXFileReference; lastKnownFileType = folder; path = html; sourceTree = "<group>"; };
/* End PBXFileReference section */

/* Begin PBXFrameworksBuildPhase section */
		3D33D95A1A2B665A001617B2 /* Frameworks */ = {
			isa = PBXFrameworksBuildPhase;
			buildActionMask = 2147483647;
			files = (
			);
			runOnlyForDeploymentPostprocessing = 0;
		};
		3D33D9721A2B665B001617B2 /* Frameworks */ = {
			isa = PBXFrameworksBuildPhase;
			buildActionMask = 2147483647;
			files = (
			);
			runOnlyForDeploymentPostprocessing = 0;
		};
/* End PBXFrameworksBuildPhase section */

/* Begin PBXGroup section */
		3D33D9541A2B665A001617B2 = {
			isa = PBXGroup;
			children = (
				3D33D95F1A2B665A001617B2 /* HybridApp */,
				3D33D9781A2B665B001617B2 /* HybridAppTests */,
				3D33D95E1A2B665A001617B2 /* Products */,
			);
			sourceTree = "<group>";
		};
		3D33D95E1A2B665A001617B2 /* Products */ = {
			isa = PBXGroup;
			children = (
				3D33D95D1A2B665A001617B2 /* HybridApp.app */,
				3D33D9751A2B665B001617B2 /* HybridAppTests.xctest */,
			);
			name = Products;
			sourceTree = "<group>";
		};
		3D33D95F1A2B665A001617B2 /* HybridApp */ = {
			isa = PBXGroup;
			children = (
				3D33D98F1A2B6927001617B2 /* html */,
				3D33D9891A2B66EF001617B2 /* NativeBridge.js */,
				3D33D98A1A2B66EF001617B2 /* NativeCall.swift */,
				3D33D9621A2B665A001617B2 /* AppDelegate.swift */,
				3D33D9671A2B665A001617B2 /* ViewController.swift */,
				3D33D9691A2B665A001617B2 /* Main.storyboard */,
				3D33D96C1A2B665A001617B2 /* Images.xcassets */,
				3D33D96E1A2B665A001617B2 /* LaunchScreen.xib */,
				3D33D9641A2B665A001617B2 /* HybridApp.xcdatamodeld */,
				3D33D9601A2B665A001617B2 /* Supporting Files */,
			);
			path = HybridApp;
			sourceTree = "<group>";
		};
		3D33D9601A2B665A001617B2 /* Supporting Files */ = {
			isa = PBXGroup;
			children = (
				3D33D9611A2B665A001617B2 /* Info.plist */,
			);
			name = "Supporting Files";
			sourceTree = "<group>";
		};
		3D33D9781A2B665B001617B2 /* HybridAppTests */ = {
			isa = PBXGroup;
			children = (
				3D33D97B1A2B665B001617B2 /* HybridAppTests.swift */,
				3D33D9791A2B665B001617B2 /* Supporting Files */,
			);
			path = HybridAppTests;
			sourceTree = "<group>";
		};
		3D33D9791A2B665B001617B2 /* Supporting Files */ = {
			isa = PBXGroup;
			children = (
				3D33D97A1A2B665B001617B2 /* Info.plist */,
			);
			name = "Supporting Files";
			sourceTree = "<group>";
		};
/* End PBXGroup section */

/* Begin PBXNativeTarget section */
		3D33D95C1A2B665A001617B2 /* HybridApp */ = {
			isa = PBXNativeTarget;
			buildConfigurationList = 3D33D97F1A2B665B001617B2 /* Build configuration list for PBXNativeTarget "HybridApp" */;
			buildPhases = (
				3D33D9591A2B665A001617B2 /* Sources */,
				3D33D95A1A2B665A001617B2 /* Frameworks */,
				3D33D95B1A2B665A001617B2 /* Resources */,
			);
			buildRules = (
			);
			dependencies = (
			);
			name = HybridApp;
			productName = HybridApp;
			productReference = 3D33D95D1A2B665A001617B2 /* HybridApp.app */;
			productType = "com.apple.product-type.application";
		};
		3D33D9741A2B665B001617B2 /* HybridAppTests */ = {
			isa = PBXNativeTarget;
			buildConfigurationList = 3D33D9821A2B665B001617B2 /* Build configuration list for PBXNativeTarget "HybridAppTests" */;
			buildPhases = (
				3D33D9711A2B665B001617B2 /* Sources */,
				3D33D9721A2B665B001617B2 /* Frameworks */,
				3D33D9731A2B665B001617B2 /* Resources */,
			);
			buildRules = (
			);
			dependencies = (
				3D33D9771A2B665B001617B2 /* PBXTargetDependency */,
			);
			name = HybridAppTests;
			productName = HybridAppTests;
			productReference = 3D33D9751A2B665B001617B2 /* HybridAppTests.xctest */;
			productType = "com.apple.product-type.bundle.unit-test";
		};
/* End PBXNativeTarget section */

/* Begin PBXProject section */
		3D33D9551A2B665A001617B2 /* Project object */ = {
			isa = PBXProject;
			attributes = {
				LastUpgradeCheck = 0610;
				ORGANIZATIONNAME = ricebug;
				TargetAttributes = {
					3D33D95C1A2B665A001617B2 = {
						CreatedOnToolsVersion = 6.1;
					};
					3D33D9741A2B665B001617B2 = {
						CreatedOnToolsVersion = 6.1;
						TestTargetID = 3D33D95C1A2B665A001617B2;
					};
				};
			};
			buildConfigurationList = 3D33D9581A2B665A001617B2 /* Build configuration list for PBXProject "HybridApp" */;
			compatibilityVersion = "Xcode 3.2";
			developmentRegion = English;
			hasScannedForEncodings = 0;
			knownRegions = (
				en,
				Base,
			);
			mainGroup = 3D33D9541A2B665A001617B2;
			productRefGroup = 3D33D95E1A2B665A001617B2 /* Products */;
			projectDirPath = "";
			projectRoot = "";
			targets = (
				3D33D95C1A2B665A001617B2 /* HybridApp */,
				3D33D9741A2B665B001617B2 /* HybridAppTests */,
			);
		};
/* End PBXProject section */

/* Begin PBXResourcesBuildPhase section */
		3D33D95B1A2B665A001617B2 /* Resources */ = {
			isa = PBXResourcesBuildPhase;
			buildActionMask = 2147483647;
			files = (
				3D33D96B1A2B665A001617B2 /* Main.storyboard in Resources */,
				3D33D98B1A2B66EF001617B2 /* NativeBridge.js in Resources */,
				3D33D9701A2B665B001617B2 /* LaunchScreen.xib in Resources */,
				3D33D96D1A2B665A001617B2 /* Images.xcassets in Resources */,
				3D33D9901A2B6927001617B2 /* html in Resources */,
			);
			runOnlyForDeploymentPostprocessing = 0;
		};
		3D33D9731A2B665B001617B2 /* Resources */ = {
			isa = PBXResourcesBuildPhase;
			buildActionMask = 2147483647;
			files = (
			);
			runOnlyForDeploymentPostprocessing = 0;
		};
/* End PBXResourcesBuildPhase section */

/* Begin PBXSourcesBuildPhase section */
		3D33D9591A2B665A001617B2 /* Sources */ = {
			isa = PBXSourcesBuildPhase;
			buildActionMask = 2147483647;
			files = (
				3D33D9681A2B665A001617B2 /* ViewController.swift in Sources */,
				3D33D9631A2B665A001617B2 /* AppDelegate.swift in Sources */,
				3D33D98C1A2B66EF001617B2 /* NativeCall.swift in Sources */,
				3D33D9661A2B665A001617B2 /* HybridApp.xcdatamodeld in Sources */,
			);
			runOnlyForDeploymentPostprocessing = 0;
		};
		3D33D9711A2B665B001617B2 /* Sources */ = {
			isa = PBXSourcesBuildPhase;
			buildActionMask = 2147483647;
			files = (
				3D33D97C1A2B665B001617B2 /* HybridAppTests.swift in Sources */,
			);
			runOnlyForDeploymentPostprocessing = 0;
		};
/* End PBXSourcesBuildPhase section */

/* Begin PBXTargetDependency section */
		3D33D9771A2B665B001617B2 /* PBXTargetDependency */ = {
			isa = PBXTargetDependency;
			target = 3D33D95C1A2B665A001617B2 /* HybridApp */;
			targetProxy = 3D33D9761A2B665B001617B2 /* PBXContainerItemProxy */;
		};
/* End PBXTargetDependency section */

/* Begin PBXVariantGroup section */
		3D33D9691A2B665A001617B2 /* Main.storyboard */ = {
			isa = PBXVariantGroup;
			children = (
				3D33D96A1A2B665A001617B2 /* Base */,
			);
			name = Main.storyboard;
			sourceTree = "<group>";
		};
		3D33D96E1A2B665A001617B2 /* LaunchScreen.xib */ = {
			isa = PBXVariantGroup;
			children = (
				3D33D96F1A2B665A001617B2 /* Base */,
			);
			name = LaunchScreen.xib;
			sourceTree = "<group>";
		};
/* End PBXVariantGroup section */

/* Begin XCBuildConfiguration section */
		3D33D97D1A2B665B001617B2 /* Debug */ = {
			isa = XCBuildConfiguration;
			buildSettings = {
				ALWAYS_SEARCH_USER_PATHS = NO;
				CLANG_CXX_LANGUAGE_STANDARD = "gnu++0x";
				CLANG_CXX_LIBRARY = "libc++";
				CLANG_ENABLE_MODULES = YES;
				CLANG_ENABLE_OBJC_ARC = YES;
				CLANG_WARN_BOOL_CONVERSION = YES;
				CLANG_WARN_CONSTANT_CONVERSION = YES;
				CLANG_WARN_DIRECT_OBJC_ISA_USAGE = YES_ERROR;
				CLANG_WARN_EMPTY_BODY = YES;
				CLANG_WARN_ENUM_CONVERSION = YES;
				CLANG_WARN_INT_CONVERSION = YES;
				CLANG_WARN_OBJC_ROOT_CLASS = YES_ERROR;
				CLANG_WARN_UNREACHABLE_CODE = YES;
				CLANG_WARN__DUPLICATE_METHOD_MATCH = YES;
				"CODE_SIGN_IDENTITY[sdk=iphoneos*]" = "iPhone Developer";
				COPY_PHASE_STRIP = NO;
				ENABLE_STRICT_OBJC_MSGSEND = YES;
				GCC_C_LANGUAGE_STANDARD = gnu99;
				GCC_DYNAMIC_NO_PIC = NO;
				GCC_OPTIMIZATION_LEVEL = 0;
				GCC_PREPROCESSOR_DEFINITIONS = (
					"DEBUG=1",
					"$(inherited)",
				);
				GCC_SYMBOLS_PRIVATE_EXTERN = NO;
				GCC_WARN_64_TO_32_BIT_CONVERSION = YES;
				GCC_WARN_ABOUT_RETURN_TYPE = YES_ERROR;
				GCC_WARN_UNDECLARED_SELECTOR = YES;
				GCC_WARN_UNINITIALIZED_AUTOS = YES_AGGRESSIVE;
				GCC_WARN_UNUSED_FUNCTION = YES;
				GCC_WARN_UNUSED_VARIABLE = YES;
				IPHONEOS_DEPLOYMENT_TARGET = 8.1;
				MTL_ENABLE_DEBUG_INFO = YES;
				ONLY_ACTIVE_ARCH = YES;
				SDKROOT = iphoneos;
				SWIFT_OPTIMIZATION_LEVEL = "-Onone";
				TARGETED_DEVICE_FAMILY = "1,2";
			};
			name = Debug;
		};
		3D33D97E1A2B665B001617B2 /* Release */ = {
			isa = XCBuildConfiguration;
			buildSettings = {
				ALWAYS_SEARCH_USER_PATHS = NO;
				CLANG_CXX_LANGUAGE_STANDARD = "gnu++0x";
				CLANG_CXX_LIBRARY = "libc++";
				CLANG_ENABLE_MODULES = YES;
				CLANG_ENABLE_OBJC_ARC = YES;
				CLANG_WARN_BOOL_CONVERSION = YES;
				CLANG_WARN_CONSTANT_CONVERSION = YES;
				CLANG_WARN_DIRECT_OBJC_ISA_USAGE = YES_ERROR;
				CLANG_WARN_EMPTY_BODY = YES;
				CLANG_WARN_ENUM_CONVERSION = YES;
				CLANG_WARN_INT_CONVERSION = YES;
				CLANG_WARN_OBJC_ROOT_CLASS = YES_ERROR;
				CLANG_WARN_UNREACHABLE_CODE = YES;
				CLANG_WARN__DUPLICATE_METHOD_MATCH = YES;
				"CODE_SIGN_IDENTITY[sdk=iphoneos*]" = "iPhone Developer";
				COPY_PHASE_STRIP = YES;
				ENABLE_NS_ASSERTIONS = NO;
				ENABLE_STRICT_OBJC_MSGSEND = YES;
				GCC_C_LANGUAGE_STANDARD = gnu99;
				GCC_WARN_64_TO_32_BIT_CONVERSION = YES;
				GCC_WARN_ABOUT_RETURN_TYPE = YES_ERROR;
				GCC_WARN_UNDECLARED_SELECTOR = YES;
				GCC_WARN_UNINITIALIZED_AUTOS = YES_AGGRESSIVE;
				GCC_WARN_UNUSED_FUNCTION = YES;
				GCC_WARN_UNUSED_VARIABLE = YES;
				IPHONEOS_DEPLOYMENT_TARGET = 8.1;
				MTL_ENABLE_DEBUG_INFO = NO;
				SDKROOT = iphoneos;
				TARGETED_DEVICE_FAMILY = "1,2";
				VALIDATE_PRODUCT = YES;
			};
			name = Release;
		};
		3D33D9801A2B665B001617B2 /* Debug */ = {
			isa = XCBuildConfiguration;
			buildSettings = {
				ASSETCATALOG_COMPILER_APPICON_NAME = AppIcon;
				INFOPLIST_FILE = HybridApp/Info.plist;
				LD_RUNPATH_SEARCH_PATHS = "$(inherited) @executable_path/Frameworks";
				PRODUCT_NAME = "$(TARGET_NAME)";
			};
			name = Debug;
		};
		3D33D9811A2B665B001617B2 /* Release */ = {
			isa = XCBuildConfiguration;
			buildSettings = {
				ASSETCATALOG_COMPILER_APPICON_NAME = AppIcon;
				INFOPLIST_FILE = HybridApp/Info.plist;
				LD_RUNPATH_SEARCH_PATHS = "$(inherited) @executable_path/Frameworks";
				PRODUCT_NAME = "$(TARGET_NAME)";
			};
			name = Release;
		};
		3D33D9831A2B665B001617B2 /* Debug */ = {
			isa = XCBuildConfiguration;
			buildSettings = {
				BUNDLE_LOADER = "$(TEST_HOST)";
				FRAMEWORK_SEARCH_PATHS = (
					"$(SDKROOT)/Developer/Library/Frameworks",
					"$(inherited)",
				);
				GCC_PREPROCESSOR_DEFINITIONS = (
					"DEBUG=1",
					"$(inherited)",
				);
				INFOPLIST_FILE = HybridAppTests/Info.plist;
				LD_RUNPATH_SEARCH_PATHS = "$(inherited) @executable_path/Frameworks @loader_path/Frameworks";
				PRODUCT_NAME = "$(TARGET_NAME)";
				TEST_HOST = "$(BUILT_PRODUCTS_DIR)/HybridApp.app/HybridApp";
			};
			name = Debug;
		};
		3D33D9841A2B665B001617B2 /* Release */ = {
			isa = XCBuildConfiguration;
			buildSettings = {
				BUNDLE_LOADER = "$(TEST_HOST)";
				FRAMEWORK_SEARCH_PATHS = (
					"$(SDKROOT)/Developer/Library/Frameworks",
					"$(inherited)",
				);
				INFOPLIST_FILE = HybridAppTests/Info.plist;
				LD_RUNPATH_SEARCH_PATHS = "$(inherited) @executable_path/Frameworks @loader_path/Frameworks";
				PRODUCT_NAME = "$(TARGET_NAME)";
				TEST_HOST = "$(BUILT_PRODUCTS_DIR)/HybridApp.app/HybridApp";
			};
			name = Release;
		};
/* End XCBuildConfiguration section */

/* Begin XCConfigurationList section */
		3D33D9581A2B665A001617B2 /* Build configuration list for PBXProject "HybridApp" */ = {
			isa = XCConfigurationList;
			buildConfigurations = (
				3D33D97D1A2B665B001617B2 /* Debug */,
				3D33D97E1A2B665B001617B2 /* Release */,
			);
			defaultConfigurationIsVisible = 0;
			defaultConfigurationName = Release;
		};
		3D33D97F1A2B665B001617B2 /* Build configuration list for PBXNativeTarget "HybridApp" */ = {
			isa = XCConfigurationList;
			buildConfigurations = (
				3D33D9801A2B665B001617B2 /* Debug */,
				3D33D9811A2B665B001617B2 /* Release */,
			);
			defaultConfigurationIsVisible = 0;
		};
		3D33D9821A2B665B001617B2 /* Build configuration list for PBXNativeTarget "HybridAppTests" */ = {
			isa = XCConfigurationList;
			buildConfigurations = (
				3D33D9831A2B665B001617B2 /* Debug */,
				3D33D9841A2B665B001617B2 /* Release */,
			);
			defaultConfigurationIsVisible = 0;
		};
/* End XCConfigurationList section */

/* Begin XCVersionGroup section */
		3D33D9641A2B665A001617B2 /* HybridApp.xcdatamodeld */ = {
			isa = XCVersionGroup;
			children = (
				3D33D9651A2B665A001617B2 /* HybridApp.xcdatamodel */,
			);
			currentVersion = 3D33D9651A2B665A001617B2 /* HybridApp.xcdatamodel */;
			path = HybridApp.xcdatamodeld;
			sourceTree = "<group>";
			versionGroupType = wrapper.xcdatamodel;
		};
/* End XCVersionGroup section */
	};
	rootObject = 3D33D9551A2B665A001617B2 /* Project object */;
}
